
Microsoft Visual Studio Solution File, Format Version 12.00
# Visual Studio Version 16
VisualStudioVersion = 16.0.31613.86
MinimumVisualStudioVersion = 10.0.40219.1
Project("{FAE04EC0-301F-11D3-BF4B-00C04F79EFBC}") = "ServiceP1", "ServiceP1.csproj", "{9E435D95-1E75-4F8C-85CA-ECFC7444DFD1}"
EndProject
Global
	GlobalSection(SolutionConfigurationPlatforms) = preSolution
		Debug|Any CPU = Debug|Any CPU
		Release|Any CPU = Release|Any CPU
	EndGlobalSection
	GlobalSection(ProjectConfigurationPlatforms) = postSolution
		{9E435D95-1E75-4F8C-85CA-ECFC7444DFD1}.Debug|Any CPU.ActiveCfg = Debug|Any CPU
		{9E435D95-1E75-4F8C-85CA-ECFC7444DFD1}.Debug|Any CPU.Build.0 = Debug|Any CPU
		{9E435D95-1E75-4F8C-85CA-ECFC7444DFD1}.Release|Any CPU.ActiveCfg = Release|Any CPU
		{9E435D95-1E75-4F8C-85CA-ECFC7444DFD1}.Release|Any CPU.Build.0 = Release|Any CPU
	EndGlobalSection
	GlobalSection(SolutionProperties) = preSolution
		HideSolutionNode = FALSE
	EndGlobalSection
	GlobalSection(ExtensibilityGlobals) = postSolution
		SolutionGuid = {04D2AF15-E22C-4735-81F1-18F10D984715}
	EndGlobalSection
EndGlobal
